# THIS IS AN AUTOGENERATED FILE. DO NOT EDIT THIS FILE DIRECTLY.
# yarn lockfile v1


"@serialport/binding-mock@10.2.2":
  version "10.2.2"
  resolved "https://registry.yarnpkg.com/@serialport/binding-mock/-/binding-mock-10.2.2.tgz#d322a8116a97806addda13c62f50e73d16125874"
  integrity sha512-HAFzGhk9OuFMpuor7aT5G1ChPgn5qSsklTFOTUX72Rl6p0xwcSVsRtG/xaGp6bxpN7fI9D/S8THLBWbBgS6ldw==
  dependencies:
    "@serialport/bindings-interface" "^1.2.1"
    debug "^4.3.3"

"@serialport/bindings-cpp@10.6.2":
  version "10.6.2"
  resolved "https://registry.yarnpkg.com/@serialport/bindings-cpp/-/bindings-cpp-10.6.2.tgz#2ecb0a958d69d9d9e72cbf46481472937954adb5"
  integrity sha512-vhId2K4Y4WOgy/UJE8NOHX6GZpozORCCMh6GM5UQeIzXihoYLxt4eomgl1eXasFipcRs06n71lAToqixb7NPpA==
  dependencies:
    "@serialport/bindings-interface" "1.2.1"
    "@serialport/parser-readline" "^10.2.1"
    debug "^4.3.2"
    node-addon-api "^4.3.0"
    node-gyp-build "^4.3.0"

"@serialport/bindings-interface@1.2.1", "@serialport/bindings-interface@^1.2.1":
  version "1.2.1"
  resolved "https://registry.yarnpkg.com/@serialport/bindings-interface/-/bindings-interface-1.2.1.tgz#1ee80b0951ef4e4fd8a5a186621feff046aa2faf"
  integrity sha512-63Dyqz2gtryRDDckFusOYqLYhR3Hq/M4sEdbF9i/VsvDb6T+tNVgoAKUZ+FMrXXKnCSu+hYbk+MTc0XQANszxw==

"@serialport/parser-byte-length@10.2.2":
  version "10.2.2"
  resolved "https://registry.yarnpkg.com/@serialport/parser-byte-length/-/parser-byte-length-10.2.2.tgz#10129fb83fb0bd5e4c673d866534ea714022708e"
  integrity sha512-3xqaRbNiqDo8Gf1jPgrZr2nObKfAjhFihINZLJfPG7skWXfDKuF0zXuStzixre26N8GYWnkn4j/oEnI0RZjVDA==

"@serialport/parser-cctalk@10.2.2":
  version "10.2.2"
  resolved "https://registry.yarnpkg.com/@serialport/parser-cctalk/-/parser-cctalk-10.2.2.tgz#7009b245cf7f6d9fa0e1a8039fcf2ed4292199da"
  integrity sha512-WK+82D10y+vL2Rv1Hs2MRNKeY18uVC0+eH9QCfD9e2o+4+jPHfN2boJQFxVGtrlss8j5DmQ5Sc5Qe6Ep+f20/Q==

"@serialport/parser-delimiter@10.2.2":
  version "10.2.2"
  resolved "https://registry.yarnpkg.com/@serialport/parser-delimiter/-/parser-delimiter-10.2.2.tgz#e305ad321ebc6dd2739cc919b66602c6c5bc4f8c"
  integrity sha512-VsepMDIjbHbANMxH4IkXIJY0Tds8XsDo0mgtWK3DrV+IJGXp+2b0pHOuQlSLSfEUmdw7F5drI17fkxc9mxn+pg==

"@serialport/parser-inter-byte-timeout@10.2.2":
  version "10.2.2"
  resolved "https://registry.yarnpkg.com/@serialport/parser-inter-byte-timeout/-/parser-inter-byte-timeout-10.2.2.tgz#22293882c9bd7ae9b18be9a30ca2fcd7a0617dc9"
  integrity sha512-J9895aJ+3cHp2Q9qMH3UulfaifHDbDHjLPbO2H0vqjI8gZemL0DGql5ooFI6zsgJStXYT1MjqIhIb8dBIE0nxA==

"@serialport/parser-packet-length@10.2.2":
  version "10.2.2"
  resolved "https://registry.yarnpkg.com/@serialport/parser-packet-length/-/parser-packet-length-10.2.2.tgz#24790ba057090b8c7f5067a229b98d273fa6b71f"
  integrity sha512-AEh/4pOoolUgCwg7ZW5M81isPjOhSf+Fq7OdyaR0GEHHrRgaY7ma2xkyp+sgjcYoeBzlxe3pPdi7LGtBJEFDnw==

"@serialport/parser-readline@10.2.2", "@serialport/parser-readline@^10.2.1":
  version "10.2.2"
  resolved "https://registry.yarnpkg.com/@serialport/parser-readline/-/parser-readline-10.2.2.tgz#94bfbf4a76760141ce8c7efddbc76d00dfe6dd55"
  integrity sha512-OcWoTsUJeLKWw+rdTuqXFZhii2liE6LeoFK2rtS6L00pB0cd2FGt2Rsx76oTCTyrub6AAUqaS9PRrAI+AUJJpg==
  dependencies:
    "@serialport/parser-delimiter" "10.2.2"

"@serialport/parser-ready@10.2.2":
  version "10.2.2"
  resolved "https://registry.yarnpkg.com/@serialport/parser-ready/-/parser-ready-10.2.2.tgz#5d057f7d65fece8ea3c7f2cacf4026768a34e53d"
  integrity sha512-Y5NA/kMb27afeFvSHhQ0Ov7PUt6vPSUqm7y+u6gajMpYOhKMjbLyQHuYMkgtGgk/PsryaOerd4OCVaYCEj0C+Q==

"@serialport/parser-regex@10.2.2":
  version "10.2.2"
  resolved "https://registry.yarnpkg.com/@serialport/parser-regex/-/parser-regex-10.2.2.tgz#0275c207485f7cbd4787ef54e835eab6a7126b15"
  integrity sha512-+fAchSfl65Ix1BbyNPBu0SreZg2Tc2JJkvXsKsWFpoaOEsuxbCthrNmyvjt3AZ228pay6kKvF2PkRd/z+BFSfw==

"@serialport/parser-slip-encoder@10.2.2":
  version "10.2.2"
  resolved "https://registry.yarnpkg.com/@serialport/parser-slip-encoder/-/parser-slip-encoder-10.2.2.tgz#ba3b4d3d6f172b0a22b82b86db5e1cd00e3ef22f"
  integrity sha512-cDJvco/exmQ7xgISVNbNb73r8l0j7eQDTVXxa8whUt8tdkf/J5y8jZLZgboh/iXbEcrNtohwUhIfb633NotNxg==

"@serialport/parser-spacepacket@10.2.2":
  version "10.2.2"
  resolved "https://registry.yarnpkg.com/@serialport/parser-spacepacket/-/parser-spacepacket-10.2.2.tgz#e0b9186d6239f97a615cb8990db153e1bb564bf7"
  integrity sha512-TdfDYfIg41lXXuFsbdTZ2IHKhb3MgLJMMRhutoc/q6wX7LFhFD7FhdlkX3w85x15p1Et+iekGW5I/b48s47gXQ==

"@serialport/stream@10.2.2":
  version "10.2.2"
  resolved "https://registry.yarnpkg.com/@serialport/stream/-/stream-10.2.2.tgz#80e3acd7a54c5da16659b3c34d419ca7302eff14"
  integrity sha512-xKO5f73KbqZYadKYbtlDHE5RUwqSK8dF2brQRA6dikeyHWbVNhjwNtjWglwgzPl4SLB1A1uT97hMxrBrSCs6/w==
  dependencies:
    "@serialport/bindings-interface" "1.2.1"
    debug "^4.3.2"

debug@^4.3.2, debug@^4.3.3:
  version "4.3.3"
  resolved "https://registry.yarnpkg.com/debug/-/debug-4.3.3.tgz#04266e0b70a98d4462e6e288e38259213332b664"
  integrity sha512-/zxw5+vh1Tfv+4Qn7a5nsbcJKPaSvCDhojn6FEl9vupwK2VCSDtEiEtqr8DFtzYFOdz63LBkxec7DYuc2jon6Q==
  dependencies:
    ms "2.1.2"

ms@2.1.2:
  version "2.1.2"
  resolved "https://registry.yarnpkg.com/ms/-/ms-2.1.2.tgz#d09d1f357b443f493382a8eb3ccd183872ae6009"
  integrity sha512-sGkPx+VjMtmA6MX27oA4FBFELFCZZ4S4XqeGOXCv68tT+jb3vk/RyaKWP0PTKyWtmLSM0b+adUTEvbs1PEaH2w==

node-addon-api@^4.3.0:
  version "4.3.0"
  resolved "https://registry.yarnpkg.com/node-addon-api/-/node-addon-api-4.3.0.tgz#52a1a0b475193e0928e98e0426a0d1254782b77f"
  integrity sha512-73sE9+3UaLYYFmDsFZnqCInzPyh3MqIwZO9cw58yIqAZhONrrabrYyYe3TuIqtIiOuTXVhsGau8hcrhhwSsDIQ==

node-gyp-build@^4.3.0:
  version "4.3.0"
  resolved "https://registry.yarnpkg.com/node-gyp-build/-/node-gyp-build-4.3.0.tgz#9f256b03e5826150be39c764bf51e993946d71a3"
  integrity sha512-iWjXZvmboq0ja1pUGULQBexmxq8CV4xBhX7VDOTbL7ZR4FOowwY/VOtRxBN/yKxmdGoIp4j5ysNT4u3S2pDQ3Q==

serialport@^10.2.2:
  version "10.2.2"
  resolved "https://registry.yarnpkg.com/serialport/-/serialport-10.2.2.tgz#ab12a423046df6b64cb3144fdb2d00fb3062ab75"
  integrity sha512-yYp8UM915g8C3+lYZ7GU1Em1BnMeaH9c2bN2/A8ptQH5ttD7E+k9PuDEVOuyxONuyiBOp+vHfIPnje1evnslEw==
  dependencies:
    "@serialport/binding-mock" "10.2.2"
    "@serialport/bindings-cpp" "10.6.2"
    "@serialport/parser-byte-length" "10.2.2"
    "@serialport/parser-cctalk" "10.2.2"
    "@serialport/parser-delimiter" "10.2.2"
    "@serialport/parser-inter-byte-timeout" "10.2.2"
    "@serialport/parser-packet-length" "10.2.2"
    "@serialport/parser-readline" "10.2.2"
    "@serialport/parser-ready" "10.2.2"
    "@serialport/parser-regex" "10.2.2"
    "@serialport/parser-slip-encoder" "10.2.2"
    "@serialport/parser-spacepacket" "10.2.2"
    "@serialport/stream" "10.2.2"
    debug "^4.3.2"

typescript@^4.5.5:
  version "4.5.5"
  resolved "https://registry.yarnpkg.com/typescript/-/typescript-4.5.5.tgz#d8c953832d28924a9e3d37c73d729c846c5896f3"
  integrity sha512-TCTIul70LyWe6IJWT8QSYeA54WQe8EjQFU4wY52Fasj5UKx88LNYKCgBEHcOMOrFF1rKGbD8v/xcNWVUq9SymA==
